
Microsoft Visual Studio Solution File, Format Version 12.00
# Visual Studio Version 16
VisualStudioVersion = 16.0.30611.23
MinimumVisualStudioVersion = 10.0.40219.1
Project("{FAE04EC0-301F-11D3-BF4B-00C04F79EFBC}") = "BlogApplication", "BlogApplication\BlogApplication.csproj", "{11101CBA-A177-4BDF-B43E-C0AAD5D8DCF0}"
EndProject
Global
	GlobalSection(SolutionConfigurationPlatforms) = preSolution
		Debug|Any CPU = Debug|Any CPU
		Release|Any CPU = Release|Any CPU
	EndGlobalSection
	GlobalSection(ProjectConfigurationPlatforms) = postSolution
		{11101CBA-A177-4BDF-B43E-C0AAD5D8DCF0}.Debug|Any CPU.ActiveCfg = Debug|Any CPU
		{11101CBA-A177-4BDF-B43E-C0AAD5D8DCF0}.Debug|Any CPU.Build.0 = Debug|Any CPU
		{11101CBA-A177-4BDF-B43E-C0AAD5D8DCF0}.Release|Any CPU.ActiveCfg = Release|Any CPU
		{11101CBA-A177-4BDF-B43E-C0AAD5D8DCF0}.Release|Any CPU.Build.0 = Release|Any CPU
	EndGlobalSection
	GlobalSection(SolutionProperties) = preSolution
		HideSolutionNode = FALSE
	EndGlobalSection
	GlobalSection(ExtensibilityGlobals) = postSolution
		SolutionGuid = {CDDFD214-4949-4BC2-BCF1-3FDA12EE0851}
	EndGlobalSection
EndGlobal
